
Microsoft Visual Studio Solution File, Format Version 12.00
# Visual Studio 15
VisualStudioVersion = 15.0.27428.2002
MinimumVisualStudioVersion = 10.0.40219.1
Project("{8BC9CEB8-8B4A-11D0-8D11-00A0C91BC942}") = "CUDA1.2", "CUDA1.2\CUDA1.2.vcxproj", "{00B98895-2A1F-451E-BE1F-68AF0A807399}"
EndProject
Global
	GlobalSection(SolutionConfigurationPlatforms) = preSolution
		Debug|x64 = Debug|x64
		Release|x64 = Release|x64
	EndGlobalSection
	GlobalSection(ProjectConfigurationPlatforms) = postSolution
		{00B98895-2A1F-451E-BE1F-68AF0A807399}.Debug|x64.ActiveCfg = Debug|x64
		{00B98895-2A1F-451E-BE1F-68AF0A807399}.Debug|x64.Build.0 = Debug|x64
		{00B98895-2A1F-451E-BE1F-68AF0A807399}.Release|x64.ActiveCfg = Release|x64
		{00B98895-2A1F-451E-BE1F-68AF0A807399}.Release|x64.Build.0 = Release|x64
	EndGlobalSection
	GlobalSection(SolutionProperties) = preSolution
		HideSolutionNode = FALSE
	EndGlobalSection
	GlobalSection(ExtensibilityGlobals) = postSolution
		SolutionGuid = {8333F1C5-CA8F-41DA-93C5-1213C9BC66E3}
	EndGlobalSection
EndGlobal
